// !$*UTF8*$!
{
	archiveVersion = 1;
	classes = {
	};
	objectVersion = 77;
	objects = {

/* Begin PBXBuildFile section */
		0DC8E3CDAD90C21EAC4E3E3B /* DocumentManagerTests.swift in Sources */ = {isa = PBXBuildFile; fileRef = D0BC72391FA86CE8041DE567 /* DocumentManagerTests.swift */; };
		356A8B5A6C93680F3AE9CDA1 /* ContentView.swift in Sources */ = {isa = PBXBuildFile; fileRef = C8E75AFF771B148AE30291ED /* ContentView.swift */; };
		4210E0B69D18F61D13564A72 /* KeychainHelper.swift in Sources */ = {isa = PBXBuildFile; fileRef = 197FAE97F5FBA85EA8DCECB2 /* KeychainHelper.swift */; };
		5D153ACF0E4CEE3F29E565C5 /* MacTextEditorApp.swift in Sources */ = {isa = PBXBuildFile; fileRef = 48BFDBB7C71AAECFC5035FDD /* MacTextEditorApp.swift */; };
		69BECEEF8805955A1B8BB935 /* KeychainHelperTests.swift in Sources */ = {isa = PBXBuildFile; fileRef = 27D7FD146BD6E1C3B05B34D7 /* KeychainHelperTests.swift */; };
		B178E4B20D666B77CCC47F24 /* ZIPFoundation in Frameworks */ = {isa = PBXBuildFile; productRef = 3EBA0A51EFBB567A943BAE6A /* ZIPFoundation */; };
		C8E21383DD31DD85F71CAD73 /* MacTextEditorTests.swift in Sources */ = {isa = PBXBuildFile; fileRef = F78435555F5E95272B59AF0C /* MacTextEditorTests.swift */; };
		D017A711F26CD06FF113EA87 /* RichTextEditorController.swift in Sources */ = {isa = PBXBuildFile; fileRef = 41370128A6505931F0F33137 /* RichTextEditorController.swift */; };
		D0EA66B9E220EF621FF7F65C /* AIService.swift in Sources */ = {isa = PBXBuildFile; fileRef = A15B8B5B9354E6AEE4EB8109 /* AIService.swift */; };
		E957A1865E1A86295BD35A6F /* DocumentManager.swift in Sources */ = {isa = PBXBuildFile; fileRef = EBA98971A74F9EC01F218919 /* DocumentManager.swift */; };
		F04DE22C46D75B3F6FA4F482 /* RichTextEditor.swift in Sources */ = {isa = PBXBuildFile; fileRef = 9775687C176C4F9C6500E56C /* RichTextEditor.swift */; };
		FAF8A1DF01A2AC506EA4BAE0 /* AIServiceTests.swift in Sources */ = {isa = PBXBuildFile; fileRef = 5C76C9038FD16C3A6E5063AA /* AIServiceTests.swift */; };
/* End PBXBuildFile section */

/* Begin PBXContainerItemProxy section */
		EDDB6735C65A0972D9C8C899 /* PBXContainerItemProxy */ = {
			isa = PBXContainerItemProxy;
			containerPortal = F123A8246346E16DE9973E41 /* Project object */;
			proxyType = 1;
			remoteGlobalIDString = FAA8AD0490C79DF06AAB17F2;
			remoteInfo = MacTextEditor;
		};
/* End PBXContainerItemProxy section */

/* Begin PBXFileReference section */
		197FAE97F5FBA85EA8DCECB2 /* KeychainHelper.swift */ = {isa = PBXFileReference; lastKnownFileType = sourcecode.swift; path = KeychainHelper.swift; sourceTree = "<group>"; };
		27D7FD146BD6E1C3B05B34D7 /* KeychainHelperTests.swift */ = {isa = PBXFileReference; lastKnownFileType = sourcecode.swift; path = KeychainHelperTests.swift; sourceTree = "<group>"; };
		3CF5A8ED5D18E80A6E428399 /* MacTextEditorTests.xctest */ = {isa = PBXFileReference; explicitFileType = wrapper.cfbundle; includeInIndex = 0; path = MacTextEditorTests.xctest; sourceTree = BUILT_PRODUCTS_DIR; };
		41370128A6505931F0F33137 /* RichTextEditorController.swift */ = {isa = PBXFileReference; lastKnownFileType = sourcecode.swift; path = RichTextEditorController.swift; sourceTree = "<group>"; };
		48BFDBB7C71AAECFC5035FDD /* MacTextEditorApp.swift */ = {isa = PBXFileReference; lastKnownFileType = sourcecode.swift; path = MacTextEditorApp.swift; sourceTree = "<group>"; };
		5C76C9038FD16C3A6E5063AA /* AIServiceTests.swift */ = {isa = PBXFileReference; lastKnownFileType = sourcecode.swift; path = AIServiceTests.swift; sourceTree = "<group>"; };
		9775687C176C4F9C6500E56C /* RichTextEditor.swift */ = {isa = PBXFileReference; lastKnownFileType = sourcecode.swift; path = RichTextEditor.swift; sourceTree = "<group>"; };
		A15B8B5B9354E6AEE4EB8109 /* AIService.swift */ = {isa = PBXFileReference; lastKnownFileType = sourcecode.swift; path = AIService.swift; sourceTree = "<group>"; };
		ADB276C94F8EE860BCBAA50D /* MacTextEditor.app */ = {isa = PBXFileReference; explicitFileType = wrapper.application; includeInIndex = 0; path = MacTextEditor.app; sourceTree = BUILT_PRODUCTS_DIR; };
		C8E75AFF771B148AE30291ED /* ContentView.swift */ = {isa = PBXFileReference; lastKnownFileType = sourcecode.swift; path = ContentView.swift; sourceTree = "<group>"; };
		D0BC72391FA86CE8041DE567 /* DocumentManagerTests.swift */ = {isa = PBXFileReference; lastKnownFileType = sourcecode.swift; path = DocumentManagerTests.swift; sourceTree = "<group>"; };
		EBA98971A74F9EC01F218919 /* DocumentManager.swift */ = {isa = PBXFileReference; lastKnownFileType = sourcecode.swift; path = DocumentManager.swift; sourceTree = "<group>"; };
		F78435555F5E95272B59AF0C /* MacTextEditorTests.swift */ = {isa = PBXFileReference; lastKnownFileType = sourcecode.swift; path = MacTextEditorTests.swift; sourceTree = "<group>"; };
/* End PBXFileReference section */

/* Begin PBXFrameworksBuildPhase section */
		6A633FC3098A67A39285B726 /* Frameworks */ = {
			isa = PBXFrameworksBuildPhase;
			buildActionMask = 2147483647;
			files = (
				B178E4B20D666B77CCC47F24 /* ZIPFoundation in Frameworks */,
			);
			runOnlyForDeploymentPostprocessing = 0;
		};
/* End PBXFrameworksBuildPhase section */

/* Begin PBXGroup section */
		59E8E4FBCBFB31508CAD03DA /* MacTextEditorTests */ = {
			isa = PBXGroup;
			children = (
				5C76C9038FD16C3A6E5063AA /* AIServiceTests.swift */,
				D0BC72391FA86CE8041DE567 /* DocumentManagerTests.swift */,
				27D7FD146BD6E1C3B05B34D7 /* KeychainHelperTests.swift */,
				F78435555F5E95272B59AF0C /* MacTextEditorTests.swift */,
			);
			path = MacTextEditorTests;
			sourceTree = "<group>";
		};
		5D5C23673A37DC5A52FA41D5 /* Products */ = {
			isa = PBXGroup;
			children = (
				ADB276C94F8EE860BCBAA50D /* MacTextEditor.app */,
				3CF5A8ED5D18E80A6E428399 /* MacTextEditorTests.xctest */,
			);
			name = Products;
			sourceTree = "<group>";
		};
		783A4D8139873CE97249F1A2 /* MacTextEditor */ = {
			isa = PBXGroup;
			children = (
				C8E75AFF771B148AE30291ED /* ContentView.swift */,
				48BFDBB7C71AAECFC5035FDD /* MacTextEditorApp.swift */,
				E0E066275204BDAFB410DE66 /* Services */,
				AC35E2C323F16BDB505A3AD3 /* Views */,
			);
			path = MacTextEditor;
			sourceTree = "<group>";
		};
		AC35E2C323F16BDB505A3AD3 /* Views */ = {
			isa = PBXGroup;
			children = (
				9775687C176C4F9C6500E56C /* RichTextEditor.swift */,
				41370128A6505931F0F33137 /* RichTextEditorController.swift */,
			);
			path = Views;
			sourceTree = "<group>";
		};
		B7323E305CBE68B45DD9FB86 = {
			isa = PBXGroup;
			children = (
				783A4D8139873CE97249F1A2 /* MacTextEditor */,
				59E8E4FBCBFB31508CAD03DA /* MacTextEditorTests */,
				5D5C23673A37DC5A52FA41D5 /* Products */,
			);
			sourceTree = "<group>";
		};
		E0E066275204BDAFB410DE66 /* Services */ = {
			isa = PBXGroup;
			children = (
				A15B8B5B9354E6AEE4EB8109 /* AIService.swift */,
				EBA98971A74F9EC01F218919 /* DocumentManager.swift */,
				197FAE97F5FBA85EA8DCECB2 /* KeychainHelper.swift */,
			);
			path = Services;
			sourceTree = "<group>";
		};
/* End PBXGroup section */

/* Begin PBXNativeTarget section */
		55652AA9C3502B30C44A1105 /* MacTextEditorTests */ = {
			isa = PBXNativeTarget;
			buildConfigurationList = 0BCC2762C00336A759270DBF /* Build configuration list for PBXNativeTarget "MacTextEditorTests" */;
			buildPhases = (
				981F9588CE79AAE0CB0A9DE4 /* Sources */,
			);
			buildRules = (
			);
			dependencies = (
				F1BCC57B9AFB3828E07B07F4 /* PBXTargetDependency */,
			);
			name = MacTextEditorTests;
			packageProductDependencies = (
			);
			productName = MacTextEditorTests;
			productReference = 3CF5A8ED5D18E80A6E428399 /* MacTextEditorTests.xctest */;
			productType = "com.apple.product-type.bundle.unit-test";
		};
		FAA8AD0490C79DF06AAB17F2 /* MacTextEditor */ = {
			isa = PBXNativeTarget;
			buildConfigurationList = ADD403AB3A42C23167F461B9 /* Build configuration list for PBXNativeTarget "MacTextEditor" */;
			buildPhases = (
				550104338AFA8C8853626AE7 /* Sources */,
				6A633FC3098A67A39285B726 /* Frameworks */,
			);
			buildRules = (
			);
			dependencies = (
			);
			name = MacTextEditor;
			packageProductDependencies = (
				3EBA0A51EFBB567A943BAE6A /* ZIPFoundation */,
			);
			productName = MacTextEditor;
			productReference = ADB276C94F8EE860BCBAA50D /* MacTextEditor.app */;
			productType = "com.apple.product-type.application";
		};
/* End PBXNativeTarget section */

/* Begin PBXProject section */
		F123A8246346E16DE9973E41 /* Project object */ = {
			isa = PBXProject;
			attributes = {
				BuildIndependentTargetsInParallel = YES;
				LastUpgradeCheck = 1430;
				TargetAttributes = {
				};
			};
			buildConfigurationList = 52E7883AD9A99CB1A74E0697 /* Build configuration list for PBXProject "MacTextEditor" */;
			developmentRegion = en;
			hasScannedForEncodings = 0;
			knownRegions = (
				Base,
				en,
			);
			mainGroup = B7323E305CBE68B45DD9FB86;
			minimizedProjectReferenceProxies = 1;
			packageReferences = (
				7E0AD8246BC80504DC42B330 /* XCRemoteSwiftPackageReference "ZIPFoundation" */,
			);
			preferredProjectObjectVersion = 77;
			productRefGroup = 5D5C23673A37DC5A52FA41D5 /* Products */;
			projectDirPath = "";
			projectRoot = "";
			targets = (
				FAA8AD0490C79DF06AAB17F2 /* MacTextEditor */,
				55652AA9C3502B30C44A1105 /* MacTextEditorTests */,
			);
		};
/* End PBXProject section */

/* Begin PBXSourcesBuildPhase section */
		550104338AFA8C8853626AE7 /* Sources */ = {
			isa = PBXSourcesBuildPhase;
			buildActionMask = 2147483647;
			files = (
				D0EA66B9E220EF621FF7F65C /* AIService.swift in Sources */,
				356A8B5A6C93680F3AE9CDA1 /* ContentView.swift in Sources */,
				E957A1865E1A86295BD35A6F /* DocumentManager.swift in Sources */,
				4210E0B69D18F61D13564A72 /* KeychainHelper.swift in Sources */,
				5D153ACF0E4CEE3F29E565C5 /* MacTextEditorApp.swift in Sources */,
				F04DE22C46D75B3F6FA4F482 /* RichTextEditor.swift in Sources */,
				D017A711F26CD06FF113EA87 /* RichTextEditorController.swift in Sources */,
			);
			runOnlyForDeploymentPostprocessing = 0;
		};
		981F9588CE79AAE0CB0A9DE4 /* Sources */ = {
			isa = PBXSourcesBuildPhase;
			buildActionMask = 2147483647;
			files = (
				FAF8A1DF01A2AC506EA4BAE0 /* AIServiceTests.swift in Sources */,
				0DC8E3CDAD90C21EAC4E3E3B /* DocumentManagerTests.swift in Sources */,
				69BECEEF8805955A1B8BB935 /* KeychainHelperTests.swift in Sources */,
				C8E21383DD31DD85F71CAD73 /* MacTextEditorTests.swift in Sources */,
			);
			runOnlyForDeploymentPostprocessing = 0;
		};
/* End PBXSourcesBuildPhase section */

/* Begin PBXTargetDependency section */
		F1BCC57B9AFB3828E07B07F4 /* PBXTargetDependency */ = {
			isa = PBXTargetDependency;
			target = FAA8AD0490C79DF06AAB17F2 /* MacTextEditor */;
			targetProxy = EDDB6735C65A0972D9C8C899 /* PBXContainerItemProxy */;
		};
/* End PBXTargetDependency section */

/* Begin XCBuildConfiguration section */
		0164E3529C8E861B0EE93C09 /* Release */ = {
			isa = XCBuildConfiguration;
			buildSettings = {
				BUNDLE_LOADER = "$(TEST_HOST)";
				COMBINE_HIDPI_IMAGES = YES;
				GENERATE_INFOPLIST_FILE = YES;
				LD_RUNPATH_SEARCH_PATHS = (
					"$(inherited)",
					"@executable_path/../Frameworks",
					"@loader_path/../Frameworks",
				);
				MACOSX_DEPLOYMENT_TARGET = 13.0;
				PRODUCT_BUNDLE_IDENTIFIER = com.nicolas.MacTextEditorTests;
				SDKROOT = macosx;
				SWIFT_VERSION = 5.9;
				TEST_HOST = "$(BUILT_PRODUCTS_DIR)/MacTextEditor.app/Contents/MacOS/MacTextEditor";
			};
			name = Release;
		};
		030FBDAE75904703A680380A /* Release */ = {
			isa = XCBuildConfiguration;
			buildSettings = {
				ALWAYS_SEARCH_USER_PATHS = NO;
				CLANG_ANALYZER_NONNULL = YES;
				CLANG_ANALYZER_NUMBER_OBJECT_CONVERSION = YES_AGGRESSIVE;
				CLANG_CXX_LANGUAGE_STANDARD = "gnu++14";
				CLANG_CXX_LIBRARY = "libc++";
				CLANG_ENABLE_MODULES = YES;
				CLANG_ENABLE_OBJC_ARC = YES;
				CLANG_ENABLE_OBJC_WEAK = YES;
				CLANG_WARN_BLOCK_CAPTURE_AUTORELEASING = YES;
				CLANG_WARN_BOOL_CONVERSION = YES;
				CLANG_WARN_COMMA = YES;
				CLANG_WARN_CONSTANT_CONVERSION = YES;
				CLANG_WARN_DEPRECATED_OBJC_IMPLEMENTATIONS = YES;
				CLANG_WARN_DIRECT_OBJC_ISA_USAGE = YES_ERROR;
				CLANG_WARN_DOCUMENTATION_COMMENTS = YES;
				CLANG_WARN_EMPTY_BODY = YES;
				CLANG_WARN_ENUM_CONVERSION = YES;
				CLANG_WARN_INFINITE_RECURSION = YES;
				CLANG_WARN_INT_CONVERSION = YES;
				CLANG_WARN_NON_LITERAL_NULL_CONVERSION = YES;
				CLANG_WARN_OBJC_IMPLICIT_RETAIN_SELF = YES;
				CLANG_WARN_OBJC_LITERAL_CONVERSION = YES;
				CLANG_WARN_OBJC_ROOT_CLASS = YES_ERROR;
				CLANG_WARN_QUOTED_INCLUDE_IN_FRAMEWORK_HEADER = YES;
				CLANG_WARN_RANGE_LOOP_ANALYSIS = YES;
				CLANG_WARN_STRICT_PROTOTYPES = YES;
				CLANG_WARN_SUSPICIOUS_MOVE = YES;
				CLANG_WARN_UNGUARDED_AVAILABILITY = YES_AGGRESSIVE;
				CLANG_WARN_UNREACHABLE_CODE = YES;
				CLANG_WARN__DUPLICATE_METHOD_MATCH = YES;
				COPY_PHASE_STRIP = NO;
				DEBUG_INFORMATION_FORMAT = "dwarf-with-dsym";
				ENABLE_NS_ASSERTIONS = NO;
				ENABLE_STRICT_OBJC_MSGSEND = YES;
				GCC_C_LANGUAGE_STANDARD = gnu11;
				GCC_NO_COMMON_BLOCKS = YES;
				GCC_WARN_64_TO_32_BIT_CONVERSION = YES;
				GCC_WARN_ABOUT_RETURN_TYPE = YES_ERROR;
				GCC_WARN_UNDECLARED_SELECTOR = YES;
				GCC_WARN_UNINITIALIZED_AUTOS = YES_AGGRESSIVE;
				GCC_WARN_UNUSED_FUNCTION = YES;
				GCC_WARN_UNUSED_VARIABLE = YES;
				MACOSX_DEPLOYMENT_TARGET = 13.0;
				MTL_ENABLE_DEBUG_INFO = NO;
				MTL_FAST_MATH = YES;
				PRODUCT_NAME = "$(TARGET_NAME)";
				SDKROOT = macosx;
				SWIFT_COMPILATION_MODE = wholemodule;
				SWIFT_OPTIMIZATION_LEVEL = "-O";
				SWIFT_VERSION = 5.0;
			};
			name = Release;
		};
		1FEA0BC1F407864732B18C3B /* Debug */ = {
			isa = XCBuildConfiguration;
			buildSettings = {
				ALWAYS_SEARCH_USER_PATHS = NO;
				CLANG_ANALYZER_NONNULL = YES;
				CLANG_ANALYZER_NUMBER_OBJECT_CONVERSION = YES_AGGRESSIVE;
				CLANG_CXX_LANGUAGE_STANDARD = "gnu++14";
				CLANG_CXX_LIBRARY = "libc++";
				CLANG_ENABLE_MODULES = YES;
				CLANG_ENABLE_OBJC_ARC = YES;
				CLANG_ENABLE_OBJC_WEAK = YES;
				CLANG_WARN_BLOCK_CAPTURE_AUTORELEASING = YES;
				CLANG_WARN_BOOL_CONVERSION = YES;
				CLANG_WARN_COMMA = YES;
				CLANG_WARN_CONSTANT_CONVERSION = YES;
				CLANG_WARN_DEPRECATED_OBJC_IMPLEMENTATIONS = YES;
				CLANG_WARN_DIRECT_OBJC_ISA_USAGE = YES_ERROR;
				CLANG_WARN_DOCUMENTATION_COMMENTS = YES;
				CLANG_WARN_EMPTY_BODY = YES;
				CLANG_WARN_ENUM_CONVERSION = YES;
				CLANG_WARN_INFINITE_RECURSION = YES;
				CLANG_WARN_INT_CONVERSION = YES;
				CLANG_WARN_NON_LITERAL_NULL_CONVERSION = YES;
				CLANG_WARN_OBJC_IMPLICIT_RETAIN_SELF = YES;
				CLANG_WARN_OBJC_LITERAL_CONVERSION = YES;
				CLANG_WARN_OBJC_ROOT_CLASS = YES_ERROR;
				CLANG_WARN_QUOTED_INCLUDE_IN_FRAMEWORK_HEADER = YES;
				CLANG_WARN_RANGE_LOOP_ANALYSIS = YES;
				CLANG_WARN_STRICT_PROTOTYPES = YES;
				CLANG_WARN_SUSPICIOUS_MOVE = YES;
				CLANG_WARN_UNGUARDED_AVAILABILITY = YES_AGGRESSIVE;
				CLANG_WARN_UNREACHABLE_CODE = YES;
				CLANG_WARN__DUPLICATE_METHOD_MATCH = YES;
				COPY_PHASE_STRIP = NO;
				DEBUG_INFORMATION_FORMAT = dwarf;
				ENABLE_STRICT_OBJC_MSGSEND = YES;
				ENABLE_TESTABILITY = YES;
				GCC_C_LANGUAGE_STANDARD = gnu11;
				GCC_DYNAMIC_NO_PIC = NO;
				GCC_NO_COMMON_BLOCKS = YES;
				GCC_OPTIMIZATION_LEVEL = 0;
				GCC_PREPROCESSOR_DEFINITIONS = (
					"$(inherited)",
					"DEBUG=1",
				);
				GCC_WARN_64_TO_32_BIT_CONVERSION = YES;
				GCC_WARN_ABOUT_RETURN_TYPE = YES_ERROR;
				GCC_WARN_UNDECLARED_SELECTOR = YES;
				GCC_WARN_UNINITIALIZED_AUTOS = YES_AGGRESSIVE;
				GCC_WARN_UNUSED_FUNCTION = YES;
				GCC_WARN_UNUSED_VARIABLE = YES;
				MACOSX_DEPLOYMENT_TARGET = 13.0;
				MTL_ENABLE_DEBUG_INFO = INCLUDE_SOURCE;
				MTL_FAST_MATH = YES;
				ONLY_ACTIVE_ARCH = YES;
				PRODUCT_NAME = "$(TARGET_NAME)";
				SDKROOT = macosx;
				SWIFT_ACTIVE_COMPILATION_CONDITIONS = DEBUG;
				SWIFT_OPTIMIZATION_LEVEL = "-Onone";
				SWIFT_VERSION = 5.0;
			};
			name = Debug;
		};
		2123B32DCA6CDD6CA864A902 /* Debug */ = {
			isa = XCBuildConfiguration;
			buildSettings = {
				ASSETCATALOG_COMPILER_APPICON_NAME = AppIcon;
				COMBINE_HIDPI_IMAGES = YES;
				ENABLE_APP_SANDBOX = NO;
				GENERATE_INFOPLIST_FILE = YES;
				LD_RUNPATH_SEARCH_PATHS = (
					"$(inherited)",
					"@executable_path/../Frameworks",
				);
				MACOSX_DEPLOYMENT_TARGET = 13.0;
				PRODUCT_BUNDLE_IDENTIFIER = com.nicolas.MacTextEditor;
				SDKROOT = macosx;
				SWIFT_VERSION = 5.9;
			};
			name = Debug;
		};
		8E3950C5E746B65E31CA91B8 /* Release */ = {
			isa = XCBuildConfiguration;
			buildSettings = {
				ASSETCATALOG_COMPILER_APPICON_NAME = AppIcon;
				COMBINE_HIDPI_IMAGES = YES;
				ENABLE_APP_SANDBOX = NO;
				GENERATE_INFOPLIST_FILE = YES;
				LD_RUNPATH_SEARCH_PATHS = (
					"$(inherited)",
					"@executable_path/../Frameworks",
				);
				MACOSX_DEPLOYMENT_TARGET = 13.0;
				PRODUCT_BUNDLE_IDENTIFIER = com.nicolas.MacTextEditor;
				SDKROOT = macosx;
				SWIFT_VERSION = 5.9;
			};
			name = Release;
		};
		EA4927C7A4CAA3B36CBF175A /* Debug */ = {
			isa = XCBuildConfiguration;
			buildSettings = {
				BUNDLE_LOADER = "$(TEST_HOST)";
				COMBINE_HIDPI_IMAGES = YES;
				GENERATE_INFOPLIST_FILE = YES;
				LD_RUNPATH_SEARCH_PATHS = (
					"$(inherited)",
					"@executable_path/../Frameworks",
					"@loader_path/../Frameworks",
				);
				MACOSX_DEPLOYMENT_TARGET = 13.0;
				PRODUCT_BUNDLE_IDENTIFIER = com.nicolas.MacTextEditorTests;
				SDKROOT = macosx;
				SWIFT_VERSION = 5.9;
				TEST_HOST = "$(BUILT_PRODUCTS_DIR)/MacTextEditor.app/Contents/MacOS/MacTextEditor";
			};
			name = Debug;
		};
/* End XCBuildConfiguration section */

/* Begin XCConfigurationList section */
		0BCC2762C00336A759270DBF /* Build configuration list for PBXNativeTarget "MacTextEditorTests" */ = {
			isa = XCConfigurationList;
			buildConfigurations = (
				EA4927C7A4CAA3B36CBF175A /* Debug */,
				0164E3529C8E861B0EE93C09 /* Release */,
			);
			defaultConfigurationIsVisible = 0;
			defaultConfigurationName = Debug;
		};
		52E7883AD9A99CB1A74E0697 /* Build configuration list for PBXProject "MacTextEditor" */ = {
			isa = XCConfigurationList;
			buildConfigurations = (
				1FEA0BC1F407864732B18C3B /* Debug */,
				030FBDAE75904703A680380A /* Release */,
			);
			defaultConfigurationIsVisible = 0;
			defaultConfigurationName = Debug;
		};
		ADD403AB3A42C23167F461B9 /* Build configuration list for PBXNativeTarget "MacTextEditor" */ = {
			isa = XCConfigurationList;
			buildConfigurations = (
				2123B32DCA6CDD6CA864A902 /* Debug */,
				8E3950C5E746B65E31CA91B8 /* Release */,
			);
			defaultConfigurationIsVisible = 0;
			defaultConfigurationName = Debug;
		};
/* End XCConfigurationList section */

/* Begin XCRemoteSwiftPackageReference section */
		7E0AD8246BC80504DC42B330 /* XCRemoteSwiftPackageReference "ZIPFoundation" */ = {
			isa = XCRemoteSwiftPackageReference;
			repositoryURL = "https://github.com/weichsel/ZIPFoundation.git";
			requirement = {
				kind = upToNextMajorVersion;
				minimumVersion = 0.9.19;
			};
		};
/* End XCRemoteSwiftPackageReference section */

/* Begin XCSwiftPackageProductDependency section */
		3EBA0A51EFBB567A943BAE6A /* ZIPFoundation */ = {
			isa = XCSwiftPackageProductDependency;
			package = 7E0AD8246BC80504DC42B330 /* XCRemoteSwiftPackageReference "ZIPFoundation" */;
			productName = ZIPFoundation;
		};
/* End XCSwiftPackageProductDependency section */
	};
	rootObject = F123A8246346E16DE9973E41 /* Project object */;
}
